// !$*UTF8*$!
{
	archiveVersion = 1;
	classes = {
	};
	objectVersion = 77;
	objects = {

/* Begin PBXBuildFile section */
		E7436F4B2DF89F82005CAE84 /* SDWebImageSwiftUI in Frameworks */ = {isa = PBXBuildFile; productRef = E7436F4A2DF89F82005CAE84 /* SDWebImageSwiftUI */; };
/* End PBXBuildFile section */

/* Begin PBXContainerItemProxy section */
		E7436F2C2DF874E4005CAE84 /* PBXContainerItemProxy */ = {
			isa = PBXContainerItemProxy;
			containerPortal = E7436F132DF874E3005CAE84 /* Project object */;
			proxyType = 1;
			remoteGlobalIDString = E7436F1A2DF874E3005CAE84;
			remoteInfo = BisindoIpad;
		};
		E7436F362DF874E4005CAE84 /* PBXContainerItemProxy */ = {
			isa = PBXContainerItemProxy;
			containerPortal = E7436F132DF874E3005CAE84 /* Project object */;
			proxyType = 1;
			remoteGlobalIDString = E7436F1A2DF874E3005CAE84;
			remoteInfo = BisindoIpad;
		};
/* End PBXContainerItemProxy section */

/* Begin PBXFileReference section */
		E7436F1B2DF874E3005CAE84 /* BisindoIpad.app */ = {isa = PBXFileReference; explicitFileType = wrapper.application; includeInIndex = 0; path = BisindoIpad.app; sourceTree = BUILT_PRODUCTS_DIR; };
		E7436F2B2DF874E4005CAE84 /* BisindoIpadTests.xctest */ = {isa = PBXFileReference; explicitFileType = wrapper.cfbundle; includeInIndex = 0; path = BisindoIpadTests.xctest; sourceTree = BUILT_PRODUCTS_DIR; };
		E7436F352DF874E4005CAE84 /* BisindoIpadUITests.xctest */ = {isa = PBXFileReference; explicitFileType = wrapper.cfbundle; includeInIndex = 0; path = BisindoIpadUITests.xctest; sourceTree = BUILT_PRODUCTS_DIR; };
/* End PBXFileReference section */

/* Begin PBXFileSystemSynchronizedRootGroup section */
		E7436F1D2DF874E3005CAE84 /* BisindoIpad */ = {
			isa = PBXFileSystemSynchronizedRootGroup;
			path = BisindoIpad;
			sourceTree = "<group>";
		};
		E7436F2E2DF874E4005CAE84 /* BisindoIpadTests */ = {
			isa = PBXFileSystemSynchronizedRootGroup;
			path = BisindoIpadTests;
			sourceTree = "<group>";
		};
		E7436F382DF874E4005CAE84 /* BisindoIpadUITests */ = {
			isa = PBXFileSystemSynchronizedRootGroup;
			path = BisindoIpadUITests;
			sourceTree = "<group>";
		};
/* End PBXFileSystemSynchronizedRootGroup section */

/* Begin PBXFrameworksBuildPhase section */
		E7436F182DF874E3005CAE84 /* Frameworks */ = {
			isa = PBXFrameworksBuildPhase;
			buildActionMask = 2147483647;
			files = (
				E7436F4B2DF89F82005CAE84 /* SDWebImageSwiftUI in Frameworks */,
			);
			runOnlyForDeploymentPostprocessing = 0;
		};
		E7436F282DF874E4005CAE84 /* Frameworks */ = {
			isa = PBXFrameworksBuildPhase;
			buildActionMask = 2147483647;
			files = (
			);
			runOnlyForDeploymentPostprocessing = 0;
		};
		E7436F322DF874E4005CAE84 /* Frameworks */ = {
			isa = PBXFrameworksBuildPhase;
			buildActionMask = 2147483647;
			files = (
			);
			runOnlyForDeploymentPostprocessing = 0;
		};
/* End PBXFrameworksBuildPhase section */

/* Begin PBXGroup section */
		E7436F122DF874E3005CAE84 = {
			isa = PBXGroup;
			children = (
				E7436F1D2DF874E3005CAE84 /* BisindoIpad */,
				E7436F2E2DF874E4005CAE84 /* BisindoIpadTests */,
				E7436F382DF874E4005CAE84 /* BisindoIpadUITests */,
				E7436F492DF89F82005CAE84 /* Frameworks */,
				E7436F1C2DF874E3005CAE84 /* Products */,
			);
			sourceTree = "<group>";
		};
		E7436F1C2DF874E3005CAE84 /* Products */ = {
			isa = PBXGroup;
			children = (
				E7436F1B2DF874E3005CAE84 /* BisindoIpad.app */,
				E7436F2B2DF874E4005CAE84 /* BisindoIpadTests.xctest */,
				E7436F352DF874E4005CAE84 /* BisindoIpadUITests.xctest */,
			);
			name = Products;
			sourceTree = "<group>";
		};
		E7436F492DF89F82005CAE84 /* Frameworks */ = {
			isa = PBXGroup;
			children = (
			);
			name = Frameworks;
			sourceTree = "<group>";
		};
/* End PBXGroup section */

/* Begin PBXNativeTarget section */
		E7436F1A2DF874E3005CAE84 /* BisindoIpad */ = {
			isa = PBXNativeTarget;
			buildConfigurationList = E7436F3F2DF874E4005CAE84 /* Build configuration list for PBXNativeTarget "BisindoIpad" */;
			buildPhases = (
				E7436F172DF874E3005CAE84 /* Sources */,
				E7436F182DF874E3005CAE84 /* Frameworks */,
				E7436F192DF874E3005CAE84 /* Resources */,
			);
			buildRules = (
			);
			dependencies = (
			);
			fileSystemSynchronizedGroups = (
				E7436F1D2DF874E3005CAE84 /* BisindoIpad */,
			);
			name = BisindoIpad;
			packageProductDependencies = (
				E7436F4A2DF89F82005CAE84 /* SDWebImageSwiftUI */,
			);
			productName = BisindoIpad;
			productReference = E7436F1B2DF874E3005CAE84 /* BisindoIpad.app */;
			productType = "com.apple.product-type.application";
		};
		E7436F2A2DF874E4005CAE84 /* BisindoIpadTests */ = {
			isa = PBXNativeTarget;
			buildConfigurationList = E7436F422DF874E4005CAE84 /* Build configuration list for PBXNativeTarget "BisindoIpadTests" */;
			buildPhases = (
				E7436F272DF874E4005CAE84 /* Sources */,
				E7436F282DF874E4005CAE84 /* Frameworks */,
				E7436F292DF874E4005CAE84 /* Resources */,
			);
			buildRules = (
			);
			dependencies = (
				E7436F2D2DF874E4005CAE84 /* PBXTargetDependency */,
			);
			fileSystemSynchronizedGroups = (
				E7436F2E2DF874E4005CAE84 /* BisindoIpadTests */,
			);
			name = BisindoIpadTests;
			packageProductDependencies = (
			);
			productName = BisindoIpadTests;
			productReference = E7436F2B2DF874E4005CAE84 /* BisindoIpadTests.xctest */;
			productType = "com.apple.product-type.bundle.unit-test";
		};
		E7436F342DF874E4005CAE84 /* BisindoIpadUITests */ = {
			isa = PBXNativeTarget;
			buildConfigurationList = E7436F452DF874E4005CAE84 /* Build configuration list for PBXNativeTarget "BisindoIpadUITests" */;
			buildPhases = (
				E7436F312DF874E4005CAE84 /* Sources */,
				E7436F322DF874E4005CAE84 /* Frameworks */,
				E7436F332DF874E4005CAE84 /* Resources */,
			);
			buildRules = (
			);
			dependencies = (
				E7436F372DF874E4005CAE84 /* PBXTargetDependency */,
			);
			fileSystemSynchronizedGroups = (
				E7436F382DF874E4005CAE84 /* BisindoIpadUITests */,
			);
			name = BisindoIpadUITests;
			packageProductDependencies = (
			);
			productName = BisindoIpadUITests;
			productReference = E7436F352DF874E4005CAE84 /* BisindoIpadUITests.xctest */;
			productType = "com.apple.product-type.bundle.ui-testing";
		};
/* End PBXNativeTarget section */

/* Begin PBXProject section */
		E7436F132DF874E3005CAE84 /* Project object */ = {
			isa = PBXProject;
			attributes = {
				BuildIndependentTargetsInParallel = 1;
				LastSwiftUpdateCheck = 1620;
				LastUpgradeCheck = 1620;
				TargetAttributes = {
					E7436F1A2DF874E3005CAE84 = {
						CreatedOnToolsVersion = 16.2;
					};
					E7436F2A2DF874E4005CAE84 = {
						CreatedOnToolsVersion = 16.2;
						TestTargetID = E7436F1A2DF874E3005CAE84;
					};
					E7436F342DF874E4005CAE84 = {
						CreatedOnToolsVersion = 16.2;
						TestTargetID = E7436F1A2DF874E3005CAE84;
					};
				};
			};
			buildConfigurationList = E7436F162DF874E3005CAE84 /* Build configuration list for PBXProject "BisindoIpad" */;
			developmentRegion = en;
			hasScannedForEncodings = 0;
			knownRegions = (
				en,
				Base,
			);
			mainGroup = E7436F122DF874E3005CAE84;
			minimizedProjectReferenceProxies = 1;
			packageReferences = (
				E7436F482DF89E70005CAE84 /* XCRemoteSwiftPackageReference "SDWebImageSwiftUI" */,
			);
			preferredProjectObjectVersion = 77;
			productRefGroup = E7436F1C2DF874E3005CAE84 /* Products */;
			projectDirPath = "";
			projectRoot = "";
			targets = (
				E7436F1A2DF874E3005CAE84 /* BisindoIpad */,
				E7436F2A2DF874E4005CAE84 /* BisindoIpadTests */,
				E7436F342DF874E4005CAE84 /* BisindoIpadUITests */,
			);
		};
/* End PBXProject section */

/* Begin PBXResourcesBuildPhase section */
		E7436F192DF874E3005CAE84 /* Resources */ = {
			isa = PBXResourcesBuildPhase;
			buildActionMask = 2147483647;
			files = (
			);
			runOnlyForDeploymentPostprocessing = 0;
		};
		E7436F292DF874E4005CAE84 /* Resources */ = {
			isa = PBXResourcesBuildPhase;
			buildActionMask = 2147483647;
			files = (
			);
			runOnlyForDeploymentPostprocessing = 0;
		};
		E7436F332DF874E4005CAE84 /* Resources */ = {
			isa = PBXResourcesBuildPhase;
			buildActionMask = 2147483647;
			files = (
			);
			runOnlyForDeploymentPostprocessing = 0;
		};
/* End PBXResourcesBuildPhase section */

/* Begin PBXSourcesBuildPhase section */
		E7436F172DF874E3005CAE84 /* Sources */ = {
			isa = PBXSourcesBuildPhase;
			buildActionMask = 2147483647;
			files = (
			);
			runOnlyForDeploymentPostprocessing = 0;
		};
		E7436F272DF874E4005CAE84 /* Sources */ = {
			isa = PBXSourcesBuildPhase;
			buildActionMask = 2147483647;
			files = (
			);
			runOnlyForDeploymentPostprocessing = 0;
		};
		E7436F312DF874E4005CAE84 /* Sources */ = {
			isa = PBXSourcesBuildPhase;
			buildActionMask = 2147483647;
			files = (
			);
			runOnlyForDeploymentPostprocessing = 0;
		};
/* End PBXSourcesBuildPhase section */

/* Begin PBXTargetDependency section */
		E7436F2D2DF874E4005CAE84 /* PBXTargetDependency */ = {
			isa = PBXTargetDependency;
			target = E7436F1A2DF874E3005CAE84 /* BisindoIpad */;
			targetProxy = E7436F2C2DF874E4005CAE84 /* PBXContainerItemProxy */;
		};
		E7436F372DF874E4005CAE84 /* PBXTargetDependency */ = {
			isa = PBXTargetDependency;
			target = E7436F1A2DF874E3005CAE84 /* BisindoIpad */;
			targetProxy = E7436F362DF874E4005CAE84 /* PBXContainerItemProxy */;
		};
/* End PBXTargetDependency section */

/* Begin XCBuildConfiguration section */
		E7436F3D2DF874E4005CAE84 /* Debug */ = {
			isa = XCBuildConfiguration;
			buildSettings = {
				ALWAYS_SEARCH_USER_PATHS = NO;
				ASSETCATALOG_COMPILER_GENERATE_SWIFT_ASSET_SYMBOL_EXTENSIONS = YES;
				CLANG_ANALYZER_NONNULL = YES;
				CLANG_ANALYZER_NUMBER_OBJECT_CONVERSION = YES_AGGRESSIVE;
				CLANG_CXX_LANGUAGE_STANDARD = "gnu++20";
				CLANG_ENABLE_MODULES = YES;
				CLANG_ENABLE_OBJC_ARC = YES;
				CLANG_ENABLE_OBJC_WEAK = YES;
				CLANG_WARN_BLOCK_CAPTURE_AUTORELEASING = YES;
				CLANG_WARN_BOOL_CONVERSION = YES;
				CLANG_WARN_COMMA = YES;
				CLANG_WARN_CONSTANT_CONVERSION = YES;
				CLANG_WARN_DEPRECATED_OBJC_IMPLEMENTATIONS = YES;
				CLANG_WARN_DIRECT_OBJC_ISA_USAGE = YES_ERROR;
				CLANG_WARN_DOCUMENTATION_COMMENTS = YES;
				CLANG_WARN_EMPTY_BODY = YES;
				CLANG_WARN_ENUM_CONVERSION = YES;
				CLANG_WARN_INFINITE_RECURSION = YES;
				CLANG_WARN_INT_CONVERSION = YES;
				CLANG_WARN_NON_LITERAL_NULL_CONVERSION = YES;
				CLANG_WARN_OBJC_IMPLICIT_RETAIN_SELF = YES;
				CLANG_WARN_OBJC_LITERAL_CONVERSION = YES;
				CLANG_WARN_OBJC_ROOT_CLASS = YES_ERROR;
				CLANG_WARN_QUOTED_INCLUDE_IN_FRAMEWORK_HEADER = YES;
				CLANG_WARN_RANGE_LOOP_ANALYSIS = YES;
				CLANG_WARN_STRICT_PROTOTYPES = YES;
				CLANG_WARN_SUSPICIOUS_MOVE = YES;
				CLANG_WARN_UNGUARDED_AVAILABILITY = YES_AGGRESSIVE;
				CLANG_WARN_UNREACHABLE_CODE = YES;
				CLANG_WARN__DUPLICATE_METHOD_MATCH = YES;
				COPY_PHASE_STRIP = NO;
				DEBUG_INFORMATION_FORMAT = dwarf;
				ENABLE_STRICT_OBJC_MSGSEND = YES;
				ENABLE_TESTABILITY = YES;
				ENABLE_USER_SCRIPT_SANDBOXING = YES;
				GCC_C_LANGUAGE_STANDARD = gnu17;
				GCC_DYNAMIC_NO_PIC = NO;
				GCC_NO_COMMON_BLOCKS = YES;
				GCC_OPTIMIZATION_LEVEL = 0;
				GCC_PREPROCESSOR_DEFINITIONS = (
					"DEBUG=1",
					"$(inherited)",
				);
				GCC_WARN_64_TO_32_BIT_CONVERSION = YES;
				GCC_WARN_ABOUT_RETURN_TYPE = YES_ERROR;
				GCC_WARN_UNDECLARED_SELECTOR = YES;
				GCC_WARN_UNINITIALIZED_AUTOS = YES_AGGRESSIVE;
				GCC_WARN_UNUSED_FUNCTION = YES;
				GCC_WARN_UNUSED_VARIABLE = YES;
				IPHONEOS_DEPLOYMENT_TARGET = 18.2;
				LOCALIZATION_PREFERS_STRING_CATALOGS = YES;
				MTL_ENABLE_DEBUG_INFO = INCLUDE_SOURCE;
				MTL_FAST_MATH = YES;
				ONLY_ACTIVE_ARCH = YES;
				SDKROOT = iphoneos;
				SWIFT_ACTIVE_COMPILATION_CONDITIONS = "DEBUG $(inherited)";
				SWIFT_OPTIMIZATION_LEVEL = "-Onone";
			};
			name = Debug;
		};
		E7436F3E2DF874E4005CAE84 /* Release */ = {
			isa = XCBuildConfiguration;
			buildSettings = {
				ALWAYS_SEARCH_USER_PATHS = NO;
				ASSETCATALOG_COMPILER_GENERATE_SWIFT_ASSET_SYMBOL_EXTENSIONS = YES;
				CLANG_ANALYZER_NONNULL = YES;
				CLANG_ANALYZER_NUMBER_OBJECT_CONVERSION = YES_AGGRESSIVE;
				CLANG_CXX_LANGUAGE_STANDARD = "gnu++20";
				CLANG_ENABLE_MODULES = YES;
				CLANG_ENABLE_OBJC_ARC = YES;
				CLANG_ENABLE_OBJC_WEAK = YES;
				CLANG_WARN_BLOCK_CAPTURE_AUTORELEASING = YES;
				CLANG_WARN_BOOL_CONVERSION = YES;
				CLANG_WARN_COMMA = YES;
				CLANG_WARN_CONSTANT_CONVERSION = YES;
				CLANG_WARN_DEPRECATED_OBJC_IMPLEMENTATIONS = YES;
				CLANG_WARN_DIRECT_OBJC_ISA_USAGE = YES_ERROR;
				CLANG_WARN_DOCUMENTATION_COMMENTS = YES;
				CLANG_WARN_EMPTY_BODY = YES;
				CLANG_WARN_ENUM_CONVERSION = YES;
				CLANG_WARN_INFINITE_RECURSION = YES;
				CLANG_WARN_INT_CONVERSION = YES;
				CLANG_WARN_NON_LITERAL_NULL_CONVERSION = YES;
				CLANG_WARN_OBJC_IMPLICIT_RETAIN_SELF = YES;
				CLANG_WARN_OBJC_LITERAL_CONVERSION = YES;
				CLANG_WARN_OBJC_ROOT_CLASS = YES_ERROR;
				CLANG_WARN_QUOTED_INCLUDE_IN_FRAMEWORK_HEADER = YES;
				CLANG_WARN_RANGE_LOOP_ANALYSIS = YES;
				CLANG_WARN_STRICT_PROTOTYPES = YES;
				CLANG_WARN_SUSPICIOUS_MOVE = YES;
				CLANG_WARN_UNGUARDED_AVAILABILITY = YES_AGGRESSIVE;
				CLANG_WARN_UNREACHABLE_CODE = YES;
				CLANG_WARN__DUPLICATE_METHOD_MATCH = YES;
				COPY_PHASE_STRIP = NO;
				DEBUG_INFORMATION_FORMAT = "dwarf-with-dsym";
				ENABLE_NS_ASSERTIONS = NO;
				ENABLE_STRICT_OBJC_MSGSEND = YES;
				ENABLE_USER_SCRIPT_SANDBOXING = YES;
				GCC_C_LANGUAGE_STANDARD = gnu17;
				GCC_NO_COMMON_BLOCKS = YES;
				GCC_WARN_64_TO_32_BIT_CONVERSION = YES;
				GCC_WARN_ABOUT_RETURN_TYPE = YES_ERROR;
				GCC_WARN_UNDECLARED_SELECTOR = YES;
				GCC_WARN_UNINITIALIZED_AUTOS = YES_AGGRESSIVE;
				GCC_WARN_UNUSED_FUNCTION = YES;
				GCC_WARN_UNUSED_VARIABLE = YES;
				IPHONEOS_DEPLOYMENT_TARGET = 18.2;
				LOCALIZATION_PREFERS_STRING_CATALOGS = YES;
				MTL_ENABLE_DEBUG_INFO = NO;
				MTL_FAST_MATH = YES;
				SDKROOT = iphoneos;
				SWIFT_COMPILATION_MODE = wholemodule;
				VALIDATE_PRODUCT = YES;
			};
			name = Release;
		};
		E7436F402DF874E4005CAE84 /* Debug */ = {
			isa = XCBuildConfiguration;
			buildSettings = {
				ASSETCATALOG_COMPILER_APPICON_NAME = AppIcon;
				ASSETCATALOG_COMPILER_GLOBAL_ACCENT_COLOR_NAME = AccentColor;
				CODE_SIGN_STYLE = Automatic;
				CURRENT_PROJECT_VERSION = 1;
				DEVELOPMENT_ASSET_PATHS = "\"BisindoIpad/Preview Content\"";
				DEVELOPMENT_TEAM = C78LH9D7KD;
				ENABLE_PREVIEWS = YES;
				GENERATE_INFOPLIST_FILE = YES;
				INFOPLIST_KEY_UIApplicationSceneManifest_Generation = YES;
				INFOPLIST_KEY_UIApplicationSupportsIndirectInputEvents = YES;
				INFOPLIST_KEY_UILaunchScreen_Generation = YES;
				INFOPLIST_KEY_UISupportedInterfaceOrientations_iPad = "UIInterfaceOrientationPortrait UIInterfaceOrientationPortraitUpsideDown UIInterfaceOrientationLandscapeLeft UIInterfaceOrientationLandscapeRight";
				INFOPLIST_KEY_UISupportedInterfaceOrientations_iPhone = "UIInterfaceOrientationPortrait UIInterfaceOrientationLandscapeLeft UIInterfaceOrientationLandscapeRight";
				LD_RUNPATH_SEARCH_PATHS = (
					"$(inherited)",
					"@executable_path/Frameworks",
				);
				MARKETING_VERSION = 1.0;
				PRODUCT_BUNDLE_IDENTIFIER = com.HandTalk.BisindoIpad;
				PRODUCT_NAME = "$(TARGET_NAME)";
				SWIFT_EMIT_LOC_STRINGS = YES;
				SWIFT_VERSION = 5.0;
				TARGETED_DEVICE_FAMILY = "1,2";
			};
			name = Debug;
		};
		E7436F412DF874E4005CAE84 /* Release */ = {
			isa = XCBuildConfiguration;
			buildSettings = {
				ASSETCATALOG_COMPILER_APPICON_NAME = AppIcon;
				ASSETCATALOG_COMPILER_GLOBAL_ACCENT_COLOR_NAME = AccentColor;
				CODE_SIGN_STYLE = Automatic;
				CURRENT_PROJECT_VERSION = 1;
				DEVELOPMENT_ASSET_PATHS = "\"BisindoIpad/Preview Content\"";
				DEVELOPMENT_TEAM = C78LH9D7KD;
				ENABLE_PREVIEWS = YES;
				GENERATE_INFOPLIST_FILE = YES;
				INFOPLIST_KEY_UIApplicationSceneManifest_Generation = YES;
				INFOPLIST_KEY_UIApplicationSupportsIndirectInputEvents = YES;
				INFOPLIST_KEY_UILaunchScreen_Generation = YES;
				INFOPLIST_KEY_UISupportedInterfaceOrientations_iPad = "UIInterfaceOrientationPortrait UIInterfaceOrientationPortraitUpsideDown UIInterfaceOrientationLandscapeLeft UIInterfaceOrientationLandscapeRight";
				INFOPLIST_KEY_UISupportedInterfaceOrientations_iPhone = "UIInterfaceOrientationPortrait UIInterfaceOrientationLandscapeLeft UIInterfaceOrientationLandscapeRight";
				LD_RUNPATH_SEARCH_PATHS = (
					"$(inherited)",
					"@executable_path/Frameworks",
				);
				MARKETING_VERSION = 1.0;
				PRODUCT_BUNDLE_IDENTIFIER = com.HandTalk.BisindoIpad;
				PRODUCT_NAME = "$(TARGET_NAME)";
				SWIFT_EMIT_LOC_STRINGS = YES;
				SWIFT_VERSION = 5.0;
				TARGETED_DEVICE_FAMILY = "1,2";
			};
			name = Release;
		};
		E7436F432DF874E4005CAE84 /* Debug */ = {
			isa = XCBuildConfiguration;
			buildSettings = {
				BUNDLE_LOADER = "$(TEST_HOST)";
				CODE_SIGN_STYLE = Automatic;
				CURRENT_PROJECT_VERSION = 1;
				DEVELOPMENT_TEAM = C78LH9D7KD;
				GENERATE_INFOPLIST_FILE = YES;
				IPHONEOS_DEPLOYMENT_TARGET = 18.2;
				MARKETING_VERSION = 1.0;
				PRODUCT_BUNDLE_IDENTIFIER = com.HandTalk.BisindoIpadTests;
				PRODUCT_NAME = "$(TARGET_NAME)";
				SWIFT_EMIT_LOC_STRINGS = NO;
				SWIFT_VERSION = 5.0;
				TARGETED_DEVICE_FAMILY = "1,2";
				TEST_HOST = "$(BUILT_PRODUCTS_DIR)/BisindoIpad.app/$(BUNDLE_EXECUTABLE_FOLDER_PATH)/BisindoIpad";
			};
			name = Debug;
		};
		E7436F442DF874E4005CAE84 /* Release */ = {
			isa = XCBuildConfiguration;
			buildSettings = {
				BUNDLE_LOADER = "$(TEST_HOST)";
				CODE_SIGN_STYLE = Automatic;
				CURRENT_PROJECT_VERSION = 1;
				DEVELOPMENT_TEAM = C78LH9D7KD;
				GENERATE_INFOPLIST_FILE = YES;
				IPHONEOS_DEPLOYMENT_TARGET = 18.2;
				MARKETING_VERSION = 1.0;
				PRODUCT_BUNDLE_IDENTIFIER = com.HandTalk.BisindoIpadTests;
				PRODUCT_NAME = "$(TARGET_NAME)";
				SWIFT_EMIT_LOC_STRINGS = NO;
				SWIFT_VERSION = 5.0;
				TARGETED_DEVICE_FAMILY = "1,2";
				TEST_HOST = "$(BUILT_PRODUCTS_DIR)/BisindoIpad.app/$(BUNDLE_EXECUTABLE_FOLDER_PATH)/BisindoIpad";
			};
			name = Release;
		};
		E7436F462DF874E4005CAE84 /* Debug */ = {
			isa = XCBuildConfiguration;
			buildSettings = {
				CODE_SIGN_STYLE = Automatic;
				CURRENT_PROJECT_VERSION = 1;
				DEVELOPMENT_TEAM = C78LH9D7KD;
				GENERATE_INFOPLIST_FILE = YES;
				MARKETING_VERSION = 1.0;
				PRODUCT_BUNDLE_IDENTIFIER = com.HandTalk.BisindoIpadUITests;
				PRODUCT_NAME = "$(TARGET_NAME)";
				SWIFT_EMIT_LOC_STRINGS = NO;
				SWIFT_VERSION = 5.0;
				TARGETED_DEVICE_FAMILY = "1,2";
				TEST_TARGET_NAME = BisindoIpad;
			};
			name = Debug;
		};
		E7436F472DF874E4005CAE84 /* Release */ = {
			isa = XCBuildConfiguration;
			buildSettings = {
				CODE_SIGN_STYLE = Automatic;
				CURRENT_PROJECT_VERSION = 1;
				DEVELOPMENT_TEAM = C78LH9D7KD;
				GENERATE_INFOPLIST_FILE = YES;
				MARKETING_VERSION = 1.0;
				PRODUCT_BUNDLE_IDENTIFIER = com.HandTalk.BisindoIpadUITests;
				PRODUCT_NAME = "$(TARGET_NAME)";
				SWIFT_EMIT_LOC_STRINGS = NO;
				SWIFT_VERSION = 5.0;
				TARGETED_DEVICE_FAMILY = "1,2";
				TEST_TARGET_NAME = BisindoIpad;
			};
			name = Release;
		};
/* End XCBuildConfiguration section */

/* Begin XCConfigurationList section */
		E7436F162DF874E3005CAE84 /* Build configuration list for PBXProject "BisindoIpad" */ = {
			isa = XCConfigurationList;
			buildConfigurations = (
				E7436F3D2DF874E4005CAE84 /* Debug */,
				E7436F3E2DF874E4005CAE84 /* Release */,
			);
			defaultConfigurationIsVisible = 0;
			defaultConfigurationName = Release;
		};
		E7436F3F2DF874E4005CAE84 /* Build configuration list for PBXNativeTarget "BisindoIpad" */ = {
			isa = XCConfigurationList;
			buildConfigurations = (
				E7436F402DF874E4005CAE84 /* Debug */,
				E7436F412DF874E4005CAE84 /* Release */,
			);
			defaultConfigurationIsVisible = 0;
			defaultConfigurationName = Release;
		};
		E7436F422DF874E4005CAE84 /* Build configuration list for PBXNativeTarget "BisindoIpadTests" */ = {
			isa = XCConfigurationList;
			buildConfigurations = (
				E7436F432DF874E4005CAE84 /* Debug */,
				E7436F442DF874E4005CAE84 /* Release */,
			);
			defaultConfigurationIsVisible = 0;
			defaultConfigurationName = Release;
		};
		E7436F452DF874E4005CAE84 /* Build configuration list for PBXNativeTarget "BisindoIpadUITests" */ = {
			isa = XCConfigurationList;
			buildConfigurations = (
				E7436F462DF874E4005CAE84 /* Debug */,
				E7436F472DF874E4005CAE84 /* Release */,
			);
			defaultConfigurationIsVisible = 0;
			defaultConfigurationName = Release;
		};
/* End XCConfigurationList section */

/* Begin XCRemoteSwiftPackageReference section */
		E7436F482DF89E70005CAE84 /* XCRemoteSwiftPackageReference "SDWebImageSwiftUI" */ = {
			isa = XCRemoteSwiftPackageReference;
			repositoryURL = "https://github.com/SDWebImage/SDWebImageSwiftUI.git";
			requirement = {
				kind = upToNextMajorVersion;
				minimumVersion = 3.1.3;
			};
		};
/* End XCRemoteSwiftPackageReference section */

/* Begin XCSwiftPackageProductDependency section */
		E7436F4A2DF89F82005CAE84 /* SDWebImageSwiftUI */ = {
			isa = XCSwiftPackageProductDependency;
			package = E7436F482DF89E70005CAE84 /* XCRemoteSwiftPackageReference "SDWebImageSwiftUI" */;
			productName = SDWebImageSwiftUI;
		};
/* End XCSwiftPackageProductDependency section */
	};
	rootObject = E7436F132DF874E3005CAE84 /* Project object */;
}
